
Microsoft Visual Studio Solution File, Format Version 12.00
# Visual Studio Version 16
VisualStudioVersion = 16.0.32510.428
MinimumVisualStudioVersion = 10.0.40219.1
Project("{FAE04EC0-301F-11D3-BF4B-00C04F79EFBC}") = "Generator", "Generator.csproj", "{275B1E5E-FDEC-4192-BFA4-BA65E67B0A7C}"
EndProject
Global
	GlobalSection(SolutionConfigurationPlatforms) = preSolution
		Debug|Any CPU = Debug|Any CPU
		Release|Any CPU = Release|Any CPU
	EndGlobalSection
	GlobalSection(ProjectConfigurationPlatforms) = postSolution
		{275B1E5E-FDEC-4192-BFA4-BA65E67B0A7C}.Debug|Any CPU.ActiveCfg = Debug|Any CPU
		{275B1E5E-FDEC-4192-BFA4-BA65E67B0A7C}.Debug|Any CPU.Build.0 = Debug|Any CPU
		{275B1E5E-FDEC-4192-BFA4-BA65E67B0A7C}.Release|Any CPU.ActiveCfg = Release|Any CPU
		{275B1E5E-FDEC-4192-BFA4-BA65E67B0A7C}.Release|Any CPU.Build.0 = Release|Any CPU
	EndGlobalSection
	GlobalSection(SolutionProperties) = preSolution
		HideSolutionNode = FALSE
	EndGlobalSection
	GlobalSection(ExtensibilityGlobals) = postSolution
		SolutionGuid = {D6809648-FADD-4232-871A-0FE8EAA673DD}
	EndGlobalSection
EndGlobal
